
Microsoft Visual Studio Solution File, Format Version 12.00
Project("{FAE04EC0-301F-11D3-BF4B-00C04F79EFBC}") = "Application", "Application\Application.csproj", "{1B874DA0-5D95-4649-8F83-245A98B6E607}"
EndProject
Project("{FAE04EC0-301F-11D3-BF4B-00C04F79EFBC}") = "DataAccess", "DataAccess\DataAccess.csproj", "{FDCB1EAA-3FE2-4AA5-8A09-9A198979FFDD}"
EndProject
Project("{FAE04EC0-301F-11D3-BF4B-00C04F79EFBC}") = "Domain", "Domain\Domain.csproj", "{CDD47145-DF38-4CE6-A2DA-804F5EC9AC21}"
EndProject
Project("{FAE04EC0-301F-11D3-BF4B-00C04F79EFBC}") = "WebApi", "WebApi\WebApi.csproj", "{FEEBF0B5-6B6E-4A71-AAC0-59FFEE0D53B2}"
EndProject
Global
	GlobalSection(SolutionConfigurationPlatforms) = preSolution
		Debug|Any CPU = Debug|Any CPU
		Release|Any CPU = Release|Any CPU
	EndGlobalSection
	GlobalSection(ProjectConfigurationPlatforms) = postSolution
		{1B874DA0-5D95-4649-8F83-245A98B6E607}.Debug|Any CPU.ActiveCfg = Debug|Any CPU
		{1B874DA0-5D95-4649-8F83-245A98B6E607}.Debug|Any CPU.Build.0 = Debug|Any CPU
		{1B874DA0-5D95-4649-8F83-245A98B6E607}.Release|Any CPU.ActiveCfg = Release|Any CPU
		{1B874DA0-5D95-4649-8F83-245A98B6E607}.Release|Any CPU.Build.0 = Release|Any CPU
		{FDCB1EAA-3FE2-4AA5-8A09-9A198979FFDD}.Debug|Any CPU.ActiveCfg = Debug|Any CPU
		{FDCB1EAA-3FE2-4AA5-8A09-9A198979FFDD}.Debug|Any CPU.Build.0 = Debug|Any CPU
		{FDCB1EAA-3FE2-4AA5-8A09-9A198979FFDD}.Release|Any CPU.ActiveCfg = Release|Any CPU
		{FDCB1EAA-3FE2-4AA5-8A09-9A198979FFDD}.Release|Any CPU.Build.0 = Release|Any CPU
		{CDD47145-DF38-4CE6-A2DA-804F5EC9AC21}.Debug|Any CPU.ActiveCfg = Debug|Any CPU
		{CDD47145-DF38-4CE6-A2DA-804F5EC9AC21}.Debug|Any CPU.Build.0 = Debug|Any CPU
		{CDD47145-DF38-4CE6-A2DA-804F5EC9AC21}.Release|Any CPU.ActiveCfg = Release|Any CPU
		{CDD47145-DF38-4CE6-A2DA-804F5EC9AC21}.Release|Any CPU.Build.0 = Release|Any CPU
		{FEEBF0B5-6B6E-4A71-AAC0-59FFEE0D53B2}.Debug|Any CPU.ActiveCfg = Debug|Any CPU
		{FEEBF0B5-6B6E-4A71-AAC0-59FFEE0D53B2}.Debug|Any CPU.Build.0 = Debug|Any CPU
		{FEEBF0B5-6B6E-4A71-AAC0-59FFEE0D53B2}.Release|Any CPU.ActiveCfg = Release|Any CPU
		{FEEBF0B5-6B6E-4A71-AAC0-59FFEE0D53B2}.Release|Any CPU.Build.0 = Release|Any CPU
	EndGlobalSection
EndGlobal
